Microsoft Visual Studio Solution File, Format Version 11.00
# Visual Studio 2010
Project("{2150E333-8FDC-42A3-9474-1A3956D46DE8}") = "SampleTestDon", "SampleTestDon", "{FC61C6C0-AA8D-4C7D-B9AF-47D640ECBF8A}"
EndProject
Project("{8BC9CEB8-8B4A-11D0-8D11-00A0C91BC942}") = "AppTerrain_test", "AppTerrain_test\AppTerrain_test.vcxproj", "{DAE8D13A-C1CF-4214-B7BD-F5D152F2A68C}"
EndProject
Global
	GlobalSection(SolutionConfigurationPlatforms) = preSolution
		Debug|Win32 = Debug|Win32
		PS3DebugBulletGCM|Win32 = PS3DebugBulletGCM|Win32
		PS3DebugBulletPSGL|Win32 = PS3DebugBulletPSGL|Win32
		PS3DebugGCM|Win32 = PS3DebugGCM|Win32
		PS3DebugHavokGCM|Win32 = PS3DebugHavokGCM|Win32
		PS3DebugHavokPSGL|Win32 = PS3DebugHavokPSGL|Win32
		PS3DebugOptBulletGCM|Win32 = PS3DebugOptBulletGCM|Win32
		PS3DebugOptBulletPSGL|Win32 = PS3DebugOptBulletPSGL|Win32
		PS3DebugOptGCM|Win32 = PS3DebugOptGCM|Win32
		PS3DebugOptHavokGCM|Win32 = PS3DebugOptHavokGCM|Win32
		PS3DebugOptHavokPSGL|Win32 = PS3DebugOptHavokPSGL|Win32
		PS3DebugOptPhysXGCM|Win32 = PS3DebugOptPhysXGCM|Win32
		PS3DebugOptPhysXPSGL|Win32 = PS3DebugOptPhysXPSGL|Win32
		PS3DebugOptPSGL|Win32 = PS3DebugOptPSGL|Win32
		PS3DebugPhysXGCM|Win32 = PS3DebugPhysXGCM|Win32
		PS3DebugPhysXPSGL|Win32 = PS3DebugPhysXPSGL|Win32
		PS3DebugPSGL|Win32 = PS3DebugPSGL|Win32
		PS3HDDPackageReleaseGCM|Win32 = PS3HDDPackageReleaseGCM|Win32
		PS3HDDPackageViewerDebugOptGCM|Win32 = PS3HDDPackageViewerDebugOptGCM|Win32
		PS3HDDPackageViewerDebugOptPSGL|Win32 = PS3HDDPackageViewerDebugOptPSGL|Win32
		PS3HDDPackageViewerReleaseGCM|Win32 = PS3HDDPackageViewerReleaseGCM|Win32
		PS3HDDPackageViewerReleasePSGL|Win32 = PS3HDDPackageViewerReleasePSGL|Win32
		PS3ProfileBulletGCM|Win32 = PS3ProfileBulletGCM|Win32
		PS3ProfileBulletPSGL|Win32 = PS3ProfileBulletPSGL|Win32
		PS3ProfileGCM|Win32 = PS3ProfileGCM|Win32
		PS3ProfileHavokGCM|Win32 = PS3ProfileHavokGCM|Win32
		PS3ProfileHavokPSGL|Win32 = PS3ProfileHavokPSGL|Win32
		PS3ProfilePhysXGCM|Win32 = PS3ProfilePhysXGCM|Win32
		PS3ProfilePhysXPSGL|Win32 = PS3ProfilePhysXPSGL|Win32
		PS3ProfilePSGL|Win32 = PS3ProfilePSGL|Win32
		PS3ReleaseBulletGCM|Win32 = PS3ReleaseBulletGCM|Win32
		PS3ReleaseBulletPSGL|Win32 = PS3ReleaseBulletPSGL|Win32
		PS3ReleaseGCM|Win32 = PS3ReleaseGCM|Win32
		PS3ReleaseHavokGCM|Win32 = PS3ReleaseHavokGCM|Win32
		PS3ReleaseHavokPSGL|Win32 = PS3ReleaseHavokPSGL|Win32
		PS3ReleasePhysXGCM|Win32 = PS3ReleasePhysXGCM|Win32
		PS3ReleasePhysXPSGL|Win32 = PS3ReleasePhysXPSGL|Win32
		PS3ReleasePSGL|Win32 = PS3ReleasePSGL|Win32
		PS3SNCDebugBulletGCM|Win32 = PS3SNCDebugBulletGCM|Win32
		PS3SNCDebugBulletPSGL|Win32 = PS3SNCDebugBulletPSGL|Win32
		PS3SNCDebugGCM|Win32 = PS3SNCDebugGCM|Win32
		PS3SNCDebugHavokGCM|Win32 = PS3SNCDebugHavokGCM|Win32
		PS3SNCDebugHavokPSGL|Win32 = PS3SNCDebugHavokPSGL|Win32
		PS3SNCDebugOptBulletGCM|Win32 = PS3SNCDebugOptBulletGCM|Win32
		PS3SNCDebugOptBulletPSGL|Win32 = PS3SNCDebugOptBulletPSGL|Win32
		PS3SNCDebugOptGCM|Win32 = PS3SNCDebugOptGCM|Win32
		PS3SNCDebugOptHavokGCM|Win32 = PS3SNCDebugOptHavokGCM|Win32
		PS3SNCDebugOptHavokPSGL|Win32 = PS3SNCDebugOptHavokPSGL|Win32
		PS3SNCDebugOptPhysXGCM|Win32 = PS3SNCDebugOptPhysXGCM|Win32
		PS3SNCDebugOptPhysXPSGL|Win32 = PS3SNCDebugOptPhysXPSGL|Win32
		PS3SNCDebugOptPSGL|Win32 = PS3SNCDebugOptPSGL|Win32
		PS3SNCDebugPhysXGCM|Win32 = PS3SNCDebugPhysXGCM|Win32
		PS3SNCDebugPhysXPSGL|Win32 = PS3SNCDebugPhysXPSGL|Win32
		PS3SNCDebugPSGL|Win32 = PS3SNCDebugPSGL|Win32
		PS3SNCProfileBulletGCM|Win32 = PS3SNCProfileBulletGCM|Win32
		PS3SNCProfileBulletPSGL|Win32 = PS3SNCProfileBulletPSGL|Win32
		PS3SNCProfileGCM|Win32 = PS3SNCProfileGCM|Win32
		PS3SNCProfileHavokGCM|Win32 = PS3SNCProfileHavokGCM|Win32
		PS3SNCProfileHavokPSGL|Win32 = PS3SNCProfileHavokPSGL|Win32
		PS3SNCProfilePhysXGCM|Win32 = PS3SNCProfilePhysXGCM|Win32
		PS3SNCProfilePhysXPSGL|Win32 = PS3SNCProfilePhysXPSGL|Win32
		PS3SNCProfilePSGL|Win32 = PS3SNCProfilePSGL|Win32
		PS3SNCReleaseBulletGCM|Win32 = PS3SNCReleaseBulletGCM|Win32
		PS3SNCReleaseBulletPSGL|Win32 = PS3SNCReleaseBulletPSGL|Win32
		PS3SNCReleaseGCM|Win32 = PS3SNCReleaseGCM|Win32
		PS3SNCReleaseHavokGCM|Win32 = PS3SNCReleaseHavokGCM|Win32
		PS3SNCReleaseHavokPSGL|Win32 = PS3SNCReleaseHavokPSGL|Win32
		PS3SNCReleasePhysXGCM|Win32 = PS3SNCReleasePhysXGCM|Win32
		PS3SNCReleasePhysXPSGL|Win32 = PS3SNCReleasePhysXPSGL|Win32
		PS3SNCReleasePSGL|Win32 = PS3SNCReleasePSGL|Win32
		PS3ViewerDebugOptGCM|Win32 = PS3ViewerDebugOptGCM|Win32
		PS3ViewerDebugOptPSGL|Win32 = PS3ViewerDebugOptPSGL|Win32
		PS3ViewerReleaseGCM|Win32 = PS3ViewerReleaseGCM|Win32
		PS3ViewerReleasePSGL|Win32 = PS3ViewerReleasePSGL|Win32
		Release|Win32 = Release|Win32
		Win32Debug|Win32 = Win32Debug|Win32
		Win32DebugBullet|Win32 = Win32DebugBullet|Win32
		Win32DebugHavok|Win32 = Win32DebugHavok|Win32
		Win32DebugOpt|Win32 = Win32DebugOpt|Win32
		Win32DebugOptBullet|Win32 = Win32DebugOptBullet|Win32
		Win32DebugOptHavok|Win32 = Win32DebugOptHavok|Win32
		Win32DebugOptPhysX|Win32 = Win32DebugOptPhysX|Win32
		Win32DebugPhysX|Win32 = Win32DebugPhysX|Win32
		Win32Release|Win32 = Win32Release|Win32
		Win32ReleaseBullet|Win32 = Win32ReleaseBullet|Win32
		Win32ReleaseHavok|Win32 = Win32ReleaseHavok|Win32
		Win32ReleasePhysX|Win32 = Win32ReleasePhysX|Win32
		Win32ViewerDebugOpt|Win32 = Win32ViewerDebugOpt|Win32
		Win32ViewerRelease|Win32 = Win32ViewerRelease|Win32
	EndGlobalSection
	GlobalSection(ProjectConfigurationPlatforms) = postSolution
		{DAE8D13A-C1CF-4214-B7BD-F5D152F2A68C}.Debug|Win32.ActiveCfg = Win32Debug|Win32
		{DAE8D13A-C1CF-4214-B7BD-F5D152F2A68C}.Debug|Win32.Build.0 = Win32Debug|Win32
		{DAE8D13A-C1CF-4214-B7BD-F5D152F2A68C}.PS3DebugBulletGCM|Win32.ActiveCfg = PS3DebugOptGCM|Win32
		{DAE8D13A-C1CF-4214-B7BD-F5D152F2A68C}.PS3DebugBulletGCM|Win32.Build.0 = PS3DebugOptGCM|Win32
		{DAE8D13A-C1CF-4214-B7BD-F5D152F2A68C}.PS3DebugBulletPSGL|Win32.ActiveCfg = PS3DebugOptGCM|Win32
		{DAE8D13A-C1CF-4214-B7BD-F5D152F2A68C}.PS3DebugBulletPSGL|Win32.Build.0 = PS3DebugOptGCM|Win32
		{DAE8D13A-C1CF-4214-B7BD-F5D152F2A68C}.PS3DebugGCM|Win32.ActiveCfg = PS3DebugGCM|Win32
		{DAE8D13A-C1CF-4214-B7BD-F5D152F2A68C}.PS3DebugGCM|Win32.Build.0 = PS3DebugGCM|Win32
		{DAE8D13A-C1CF-4214-B7BD-F5D152F2A68C}.PS3DebugHavokGCM|Win32.ActiveCfg = PS3DebugOptGCM|Win32
		{DAE8D13A-C1CF-4214-B7BD-F5D152F2A68C}.PS3DebugHavokGCM|Win32.Build.0 = PS3DebugOptGCM|Win32
		{DAE8D13A-C1CF-4214-B7BD-F5D152F2A68C}.PS3DebugHavokPSGL|Win32.ActiveCfg = PS3DebugOptGCM|Win32
		{DAE8D13A-C1CF-4214-B7BD-F5D152F2A68C}.PS3DebugHavokPSGL|Win32.Build.0 = PS3DebugOptGCM|Win32
		{DAE8D13A-C1CF-4214-B7BD-F5D152F2A68C}.PS3DebugOptBulletGCM|Win32.ActiveCfg = PS3DebugOptGCM|Win32
		{DAE8D13A-C1CF-4214-B7BD-F5D152F2A68C}.PS3DebugOptBulletGCM|Win32.Build.0 = PS3DebugOptGCM|Win32
		{DAE8D13A-C1CF-4214-B7BD-F5D152F2A68C}.PS3DebugOptBulletPSGL|Win32.ActiveCfg = PS3DebugOptGCM|Win32
		{DAE8D13A-C1CF-4214-B7BD-F5D152F2A68C}.PS3DebugOptBulletPSGL|Win32.Build.0 = PS3DebugOptGCM|Win32
		{DAE8D13A-C1CF-4214-B7BD-F5D152F2A68C}.PS3DebugOptGCM|Win32.ActiveCfg = PS3DebugOptGCM|Win32
		{DAE8D13A-C1CF-4214-B7BD-F5D152F2A68C}.PS3DebugOptGCM|Win32.Build.0 = PS3DebugOptGCM|Win32
		{DAE8D13A-C1CF-4214-B7BD-F5D152F2A68C}.PS3DebugOptHavokGCM|Win32.ActiveCfg = PS3DebugOptGCM|Win32
		{DAE8D13A-C1CF-4214-B7BD-F5D152F2A68C}.PS3DebugOptHavokGCM|Win32.Build.0 = PS3DebugOptGCM|Win32
		{DAE8D13A-C1CF-4214-B7BD-F5D152F2A68C}.PS3DebugOptHavokPSGL|Win32.ActiveCfg = PS3DebugOptGCM|Win32
		{DAE8D13A-C1CF-4214-B7BD-F5D152F2A68C}.PS3DebugOptHavokPSGL|Win32.Build.0 = PS3DebugOptGCM|Win32
		{DAE8D13A-C1CF-4214-B7BD-F5D152F2A68C}.PS3DebugOptPhysXGCM|Win32.ActiveCfg = PS3DebugOptPSGL|Win32
		{DAE8D13A-C1CF-4214-B7BD-F5D152F2A68C}.PS3DebugOptPhysXGCM|Win32.Build.0 = PS3DebugOptPSGL|Win32
		{DAE8D13A-C1CF-4214-B7BD-F5D152F2A68C}.PS3DebugOptPhysXPSGL|Win32.ActiveCfg = PS3DebugOptPSGL|Win32
		{DAE8D13A-C1CF-4214-B7BD-F5D152F2A68C}.PS3DebugOptPhysXPSGL|Win32.Build.0 = PS3DebugOptPSGL|Win32
		{DAE8D13A-C1CF-4214-B7BD-F5D152F2A68C}.PS3DebugOptPSGL|Win32.ActiveCfg = PS3DebugOptPSGL|Win32
		{DAE8D13A-C1CF-4214-B7BD-F5D152F2A68C}.PS3DebugOptPSGL|Win32.Build.0 = PS3DebugOptPSGL|Win32
		{DAE8D13A-C1CF-4214-B7BD-F5D152F2A68C}.PS3DebugPhysXGCM|Win32.ActiveCfg = PS3DebugPSGL|Win32
		{DAE8D13A-C1CF-4214-B7BD-F5D152F2A68C}.PS3DebugPhysXGCM|Win32.Build.0 = PS3DebugPSGL|Win32
		{DAE8D13A-C1CF-4214-B7BD-F5D152F2A68C}.PS3DebugPhysXPSGL|Win32.ActiveCfg = PS3DebugPSGL|Win32
		{DAE8D13A-C1CF-4214-B7BD-F5D152F2A68C}.PS3DebugPhysXPSGL|Win32.Build.0 = PS3DebugPSGL|Win32
		{DAE8D13A-C1CF-4214-B7BD-F5D152F2A68C}.PS3DebugPSGL|Win32.ActiveCfg = PS3DebugPSGL|Win32
		{DAE8D13A-C1CF-4214-B7BD-F5D152F2A68C}.PS3DebugPSGL|Win32.Build.0 = PS3DebugPSGL|Win32
		{DAE8D13A-C1CF-4214-B7BD-F5D152F2A68C}.PS3HDDPackageReleaseGCM|Win32.ActiveCfg = PS3SNCReleaseGCM|Win32
		{DAE8D13A-C1CF-4214-B7BD-F5D152F2A68C}.PS3HDDPackageReleaseGCM|Win32.Build.0 = PS3SNCReleaseGCM|Win32
		{DAE8D13A-C1CF-4214-B7BD-F5D152F2A68C}.PS3HDDPackageViewerDebugOptGCM|Win32.ActiveCfg = PS3SNCReleaseGCM|Win32
		{DAE8D13A-C1CF-4214-B7BD-F5D152F2A68C}.PS3HDDPackageViewerDebugOptGCM|Win32.Build.0 = PS3SNCReleaseGCM|Win32
		{DAE8D13A-C1CF-4214-B7BD-F5D152F2A68C}.PS3HDDPackageViewerDebugOptPSGL|Win32.ActiveCfg = PS3SNCReleaseGCM|Win32
		{DAE8D13A-C1CF-4214-B7BD-F5D152F2A68C}.PS3HDDPackageViewerDebugOptPSGL|Win32.Build.0 = PS3SNCReleaseGCM|Win32
		{DAE8D13A-C1CF-4214-B7BD-F5D152F2A68C}.PS3HDDPackageViewerReleaseGCM|Win32.ActiveCfg = PS3SNCReleaseGCM|Win32
		{DAE8D13A-C1CF-4214-B7BD-F5D152F2A68C}.PS3HDDPackageViewerReleaseGCM|Win32.Build.0 = PS3SNCReleaseGCM|Win32
		{DAE8D13A-C1CF-4214-B7BD-F5D152F2A68C}.PS3HDDPackageViewerReleasePSGL|Win32.ActiveCfg = PS3SNCReleaseGCM|Win32
		{DAE8D13A-C1CF-4214-B7BD-F5D152F2A68C}.PS3HDDPackageViewerReleasePSGL|Win32.Build.0 = PS3SNCReleaseGCM|Win32
		{DAE8D13A-C1CF-4214-B7BD-F5D152F2A68C}.PS3ProfileBulletGCM|Win32.ActiveCfg = PS3ProfileGCM|Win32
		{DAE8D13A-C1CF-4214-B7BD-F5D152F2A68C}.PS3ProfileBulletGCM|Win32.Build.0 = PS3ProfileGCM|Win32
		{DAE8D13A-C1CF-4214-B7BD-F5D152F2A68C}.PS3ProfileBulletPSGL|Win32.ActiveCfg = PS3ProfileGCM|Win32
		{DAE8D13A-C1CF-4214-B7BD-F5D152F2A68C}.PS3ProfileBulletPSGL|Win32.Build.0 = PS3ProfileGCM|Win32
		{DAE8D13A-C1CF-4214-B7BD-F5D152F2A68C}.PS3ProfileGCM|Win32.ActiveCfg = PS3ProfileGCM|Win32
		{DAE8D13A-C1CF-4214-B7BD-F5D152F2A68C}.PS3ProfileGCM|Win32.Build.0 = PS3ProfileGCM|Win32
		{DAE8D13A-C1CF-4214-B7BD-F5D152F2A68C}.PS3ProfileHavokGCM|Win32.ActiveCfg = PS3ProfileGCM|Win32
		{DAE8D13A-C1CF-4214-B7BD-F5D152F2A68C}.PS3ProfileHavokGCM|Win32.Build.0 = PS3ProfileGCM|Win32
		{DAE8D13A-C1CF-4214-B7BD-F5D152F2A68C}.PS3ProfileHavokPSGL|Win32.ActiveCfg = PS3ProfileGCM|Win32
		{DAE8D13A-C1CF-4214-B7BD-F5D152F2A68C}.PS3ProfileHavokPSGL|Win32.Build.0 = PS3ProfileGCM|Win32
		{DAE8D13A-C1CF-4214-B7BD-F5D152F2A68C}.PS3ProfilePhysXGCM|Win32.ActiveCfg = PS3ProfilePSGL|Win32
		{DAE8D13A-C1CF-4214-B7BD-F5D152F2A68C}.PS3ProfilePhysXGCM|Win32.Build.0 = PS3ProfilePSGL|Win32
		{DAE8D13A-C1CF-4214-B7BD-F5D152F2A68C}.PS3ProfilePhysXPSGL|Win32.ActiveCfg = PS3ProfilePSGL|Win32
		{DAE8D13A-C1CF-4214-B7BD-F5D152F2A68C}.PS3ProfilePhysXPSGL|Win32.Build.0 = PS3ProfilePSGL|Win32
		{DAE8D13A-C1CF-4214-B7BD-F5D152F2A68C}.PS3ProfilePSGL|Win32.ActiveCfg = PS3ProfilePSGL|Win32
		{DAE8D13A-C1CF-4214-B7BD-F5D152F2A68C}.PS3ProfilePSGL|Win32.Build.0 = PS3ProfilePSGL|Win32
		{DAE8D13A-C1CF-4214-B7BD-F5D152F2A68C}.PS3ReleaseBulletGCM|Win32.ActiveCfg = PS3ReleaseGCM|Win32
		{DAE8D13A-C1CF-4214-B7BD-F5D152F2A68C}.PS3ReleaseBulletGCM|Win32.Build.0 = PS3ReleaseGCM|Win32
		{DAE8D13A-C1CF-4214-B7BD-F5D152F2A68C}.PS3ReleaseBulletPSGL|Win32.ActiveCfg = PS3ReleaseGCM|Win32
		{DAE8D13A-C1CF-4214-B7BD-F5D152F2A68C}.PS3ReleaseBulletPSGL|Win32.Build.0 = PS3ReleaseGCM|Win32
		{DAE8D13A-C1CF-4214-B7BD-F5D152F2A68C}.PS3ReleaseGCM|Win32.ActiveCfg = PS3ReleaseGCM|Win32
		{DAE8D13A-C1CF-4214-B7BD-F5D152F2A68C}.PS3ReleaseGCM|Win32.Build.0 = PS3ReleaseGCM|Win32
		{DAE8D13A-C1CF-4214-B7BD-F5D152F2A68C}.PS3ReleaseHavokGCM|Win32.ActiveCfg = PS3ReleaseGCM|Win32
		{DAE8D13A-C1CF-4214-B7BD-F5D152F2A68C}.PS3ReleaseHavokGCM|Win32.Build.0 = PS3ReleaseGCM|Win32
		{DAE8D13A-C1CF-4214-B7BD-F5D152F2A68C}.PS3ReleaseHavokPSGL|Win32.ActiveCfg = PS3ReleaseGCM|Win32
		{DAE8D13A-C1CF-4214-B7BD-F5D152F2A68C}.PS3ReleaseHavokPSGL|Win32.Build.0 = PS3ReleaseGCM|Win32
		{DAE8D13A-C1CF-4214-B7BD-F5D152F2A68C}.PS3ReleasePhysXGCM|Win32.ActiveCfg = PS3ReleasePSGL|Win32
		{DAE8D13A-C1CF-4214-B7BD-F5D152F2A68C}.PS3ReleasePhysXGCM|Win32.Build.0 = PS3ReleasePSGL|Win32
		{DAE8D13A-C1CF-4214-B7BD-F5D152F2A68C}.PS3ReleasePhysXPSGL|Win32.ActiveCfg = PS3ReleasePSGL|Win32
		{DAE8D13A-C1CF-4214-B7BD-F5D152F2A68C}.PS3ReleasePhysXPSGL|Win32.Build.0 = PS3ReleasePSGL|Win32
		{DAE8D13A-C1CF-4214-B7BD-F5D152F2A68C}.PS3ReleasePSGL|Win32.ActiveCfg = PS3ReleasePSGL|Win32
		{DAE8D13A-C1CF-4214-B7BD-F5D152F2A68C}.PS3ReleasePSGL|Win32.Build.0 = PS3ReleasePSGL|Win32
		{DAE8D13A-C1CF-4214-B7BD-F5D152F2A68C}.PS3SNCDebugBulletGCM|Win32.ActiveCfg = PS3SNCDebugOptGCM|Win32
		{DAE8D13A-C1CF-4214-B7BD-F5D152F2A68C}.PS3SNCDebugBulletGCM|Win32.Build.0 = PS3SNCDebugOptGCM|Win32
		{DAE8D13A-C1CF-4214-B7BD-F5D152F2A68C}.PS3SNCDebugBulletPSGL|Win32.ActiveCfg = PS3SNCDebugOptGCM|Win32
		{DAE8D13A-C1CF-4214-B7BD-F5D152F2A68C}.PS3SNCDebugBulletPSGL|Win32.Build.0 = PS3SNCDebugOptGCM|Win32
		{DAE8D13A-C1CF-4214-B7BD-F5D152F2A68C}.PS3SNCDebugGCM|Win32.ActiveCfg = PS3SNCDebugGCM|Win32
		{DAE8D13A-C1CF-4214-B7BD-F5D152F2A68C}.PS3SNCDebugGCM|Win32.Build.0 = PS3SNCDebugGCM|Win32
		{DAE8D13A-C1CF-4214-B7BD-F5D152F2A68C}.PS3SNCDebugHavokGCM|Win32.ActiveCfg = PS3SNCDebugOptGCM|Win32
		{DAE8D13A-C1CF-4214-B7BD-F5D152F2A68C}.PS3SNCDebugHavokGCM|Win32.Build.0 = PS3SNCDebugOptGCM|Win32
		{DAE8D13A-C1CF-4214-B7BD-F5D152F2A68C}.PS3SNCDebugHavokPSGL|Win32.ActiveCfg = PS3SNCDebugOptGCM|Win32
		{DAE8D13A-C1CF-4214-B7BD-F5D152F2A68C}.PS3SNCDebugHavokPSGL|Win32.Build.0 = PS3SNCDebugOptGCM|Win32
		{DAE8D13A-C1CF-4214-B7BD-F5D152F2A68C}.PS3SNCDebugOptBulletGCM|Win32.ActiveCfg = PS3SNCDebugOptGCM|Win32
		{DAE8D13A-C1CF-4214-B7BD-F5D152F2A68C}.PS3SNCDebugOptBulletGCM|Win32.Build.0 = PS3SNCDebugOptGCM|Win32
		{DAE8D13A-C1CF-4214-B7BD-F5D152F2A68C}.PS3SNCDebugOptBulletPSGL|Win32.ActiveCfg = PS3SNCDebugOptGCM|Win32
		{DAE8D13A-C1CF-4214-B7BD-F5D152F2A68C}.PS3SNCDebugOptBulletPSGL|Win32.Build.0 = PS3SNCDebugOptGCM|Win32
		{DAE8D13A-C1CF-4214-B7BD-F5D152F2A68C}.PS3SNCDebugOptGCM|Win32.ActiveCfg = PS3SNCDebugOptGCM|Win32
		{DAE8D13A-C1CF-4214-B7BD-F5D152F2A68C}.PS3SNCDebugOptGCM|Win32.Build.0 = PS3SNCDebugOptGCM|Win32
		{DAE8D13A-C1CF-4214-B7BD-F5D152F2A68C}.PS3SNCDebugOptHavokGCM|Win32.ActiveCfg = PS3SNCDebugOptGCM|Win32
		{DAE8D13A-C1CF-4214-B7BD-F5D152F2A68C}.PS3SNCDebugOptHavokGCM|Win32.Build.0 = PS3SNCDebugOptGCM|Win32
		{DAE8D13A-C1CF-4214-B7BD-F5D152F2A68C}.PS3SNCDebugOptHavokPSGL|Win32.ActiveCfg = PS3SNCDebugOptGCM|Win32
		{DAE8D13A-C1CF-4214-B7BD-F5D152F2A68C}.PS3SNCDebugOptHavokPSGL|Win32.Build.0 = PS3SNCDebugOptGCM|Win32
		{DAE8D13A-C1CF-4214-B7BD-F5D152F2A68C}.PS3SNCDebugOptPhysXGCM|Win32.ActiveCfg = PS3SNCDebugOptPSGL|Win32
		{DAE8D13A-C1CF-4214-B7BD-F5D152F2A68C}.PS3SNCDebugOptPhysXGCM|Win32.Build.0 = PS3SNCDebugOptPSGL|Win32
		{DAE8D13A-C1CF-4214-B7BD-F5D152F2A68C}.PS3SNCDebugOptPhysXPSGL|Win32.ActiveCfg = PS3SNCDebugOptPSGL|Win32
		{DAE8D13A-C1CF-4214-B7BD-F5D152F2A68C}.PS3SNCDebugOptPhysXPSGL|Win32.Build.0 = PS3SNCDebugOptPSGL|Win32
		{DAE8D13A-C1CF-4214-B7BD-F5D152F2A68C}.PS3SNCDebugOptPSGL|Win32.ActiveCfg = PS3SNCDebugOptPSGL|Win32
		{DAE8D13A-C1CF-4214-B7BD-F5D152F2A68C}.PS3SNCDebugOptPSGL|Win32.Build.0 = PS3SNCDebugOptPSGL|Win32
		{DAE8D13A-C1CF-4214-B7BD-F5D152F2A68C}.PS3SNCDebugPhysXGCM|Win32.ActiveCfg = PS3SNCDebugPSGL|Win32
		{DAE8D13A-C1CF-4214-B7BD-F5D152F2A68C}.PS3SNCDebugPhysXGCM|Win32.Build.0 = PS3SNCDebugPSGL|Win32
		{DAE8D13A-C1CF-4214-B7BD-F5D152F2A68C}.PS3SNCDebugPhysXPSGL|Win32.ActiveCfg = PS3SNCDebugPSGL|Win32
		{DAE8D13A-C1CF-4214-B7BD-F5D152F2A68C}.PS3SNCDebugPhysXPSGL|Win32.Build.0 = PS3SNCDebugPSGL|Win32
		{DAE8D13A-C1CF-4214-B7BD-F5D152F2A68C}.PS3SNCDebugPSGL|Win32.ActiveCfg = PS3SNCDebugPSGL|Win32
		{DAE8D13A-C1CF-4214-B7BD-F5D152F2A68C}.PS3SNCDebugPSGL|Win32.Build.0 = PS3SNCDebugPSGL|Win32
		{DAE8D13A-C1CF-4214-B7BD-F5D152F2A68C}.PS3SNCProfileBulletGCM|Win32.ActiveCfg = PS3SNCProfileGCM|Win32
		{DAE8D13A-C1CF-4214-B7BD-F5D152F2A68C}.PS3SNCProfileBulletGCM|Win32.Build.0 = PS3SNCProfileGCM|Win32
		{DAE8D13A-C1CF-4214-B7BD-F5D152F2A68C}.PS3SNCProfileBulletPSGL|Win32.ActiveCfg = PS3SNCProfileGCM|Win32
		{DAE8D13A-C1CF-4214-B7BD-F5D152F2A68C}.PS3SNCProfileBulletPSGL|Win32.Build.0 = PS3SNCProfileGCM|Win32
		{DAE8D13A-C1CF-4214-B7BD-F5D152F2A68C}.PS3SNCProfileGCM|Win32.ActiveCfg = PS3SNCProfileGCM|Win32
		{DAE8D13A-C1CF-4214-B7BD-F5D152F2A68C}.PS3SNCProfileGCM|Win32.Build.0 = PS3SNCProfileGCM|Win32
		{DAE8D13A-C1CF-4214-B7BD-F5D152F2A68C}.PS3SNCProfileHavokGCM|Win32.ActiveCfg = PS3SNCProfileGCM|Win32
		{DAE8D13A-C1CF-4214-B7BD-F5D152F2A68C}.PS3SNCProfileHavokGCM|Win32.Build.0 = PS3SNCProfileGCM|Win32
		{DAE8D13A-C1CF-4214-B7BD-F5D152F2A68C}.PS3SNCProfileHavokPSGL|Win32.ActiveCfg = PS3SNCProfileGCM|Win32
		{DAE8D13A-C1CF-4214-B7BD-F5D152F2A68C}.PS3SNCProfileHavokPSGL|Win32.Build.0 = PS3SNCProfileGCM|Win32
		{DAE8D13A-C1CF-4214-B7BD-F5D152F2A68C}.PS3SNCProfilePhysXGCM|Win32.ActiveCfg = PS3SNCProfilePSGL|Win32
		{DAE8D13A-C1CF-4214-B7BD-F5D152F2A68C}.PS3SNCProfilePhysXGCM|Win32.Build.0 = PS3SNCProfilePSGL|Win32
		{DAE8D13A-C1CF-4214-B7BD-F5D152F2A68C}.PS3SNCProfilePhysXPSGL|Win32.ActiveCfg = PS3SNCProfilePSGL|Win32
		{DAE8D13A-C1CF-4214-B7BD-F5D152F2A68C}.PS3SNCProfilePhysXPSGL|Win32.Build.0 = PS3SNCProfilePSGL|Win32
		{DAE8D13A-C1CF-4214-B7BD-F5D152F2A68C}.PS3SNCProfilePSGL|Win32.ActiveCfg = PS3SNCProfilePSGL|Win32
		{DAE8D13A-C1CF-4214-B7BD-F5D152F2A68C}.PS3SNCProfilePSGL|Win32.Build.0 = PS3SNCProfilePSGL|Win32
		{DAE8D13A-C1CF-4214-B7BD-F5D152F2A68C}.PS3SNCReleaseBulletGCM|Win32.ActiveCfg = PS3SNCReleaseGCM|Win32
		{DAE8D13A-C1CF-4214-B7BD-F5D152F2A68C}.PS3SNCReleaseBulletGCM|Win32.Build.0 = PS3SNCReleaseGCM|Win32
		{DAE8D13A-C1CF-4214-B7BD-F5D152F2A68C}.PS3SNCReleaseBulletPSGL|Win32.ActiveCfg = PS3SNCReleaseGCM|Win32
		{DAE8D13A-C1CF-4214-B7BD-F5D152F2A68C}.PS3SNCReleaseBulletPSGL|Win32.Build.0 = PS3SNCReleaseGCM|Win32
		{DAE8D13A-C1CF-4214-B7BD-F5D152F2A68C}.PS3SNCReleaseGCM|Win32.ActiveCfg = PS3SNCReleaseGCM|Win32
		{DAE8D13A-C1CF-4214-B7BD-F5D152F2A68C}.PS3SNCReleaseGCM|Win32.Build.0 = PS3SNCReleaseGCM|Win32
		{DAE8D13A-C1CF-4214-B7BD-F5D152F2A68C}.PS3SNCReleaseHavokGCM|Win32.ActiveCfg = PS3SNCReleaseGCM|Win32
		{DAE8D13A-C1CF-4214-B7BD-F5D152F2A68C}.PS3SNCReleaseHavokGCM|Win32.Build.0 = PS3SNCReleaseGCM|Win32
		{DAE8D13A-C1CF-4214-B7BD-F5D152F2A68C}.PS3SNCReleaseHavokPSGL|Win32.ActiveCfg = PS3SNCReleaseGCM|Win32
		{DAE8D13A-C1CF-4214-B7BD-F5D152F2A68C}.PS3SNCReleaseHavokPSGL|Win32.Build.0 = PS3SNCReleaseGCM|Win32
		{DAE8D13A-C1CF-4214-B7BD-F5D152F2A68C}.PS3SNCReleasePhysXGCM|Win32.ActiveCfg = PS3SNCReleasePSGL|Win32
		{DAE8D13A-C1CF-4214-B7BD-F5D152F2A68C}.PS3SNCReleasePhysXGCM|Win32.Build.0 = PS3SNCReleasePSGL|Win32
		{DAE8D13A-C1CF-4214-B7BD-F5D152F2A68C}.PS3SNCReleasePhysXPSGL|Win32.ActiveCfg = PS3SNCReleasePSGL|Win32
		{DAE8D13A-C1CF-4214-B7BD-F5D152F2A68C}.PS3SNCReleasePhysXPSGL|Win32.Build.0 = PS3SNCReleasePSGL|Win32
		{DAE8D13A-C1CF-4214-B7BD-F5D152F2A68C}.PS3SNCReleasePSGL|Win32.ActiveCfg = PS3SNCReleasePSGL|Win32
		{DAE8D13A-C1CF-4214-B7BD-F5D152F2A68C}.PS3SNCReleasePSGL|Win32.Build.0 = PS3SNCReleasePSGL|Win32
		{DAE8D13A-C1CF-4214-B7BD-F5D152F2A68C}.PS3ViewerDebugOptGCM|Win32.ActiveCfg = PS3SNCReleaseGCM|Win32
		{DAE8D13A-C1CF-4214-B7BD-F5D152F2A68C}.PS3ViewerDebugOptGCM|Win32.Build.0 = PS3SNCReleaseGCM|Win32
		{DAE8D13A-C1CF-4214-B7BD-F5D152F2A68C}.PS3ViewerDebugOptPSGL|Win32.ActiveCfg = PS3SNCReleaseGCM|Win32
		{DAE8D13A-C1CF-4214-B7BD-F5D152F2A68C}.PS3ViewerDebugOptPSGL|Win32.Build.0 = PS3SNCReleaseGCM|Win32
		{DAE8D13A-C1CF-4214-B7BD-F5D152F2A68C}.PS3ViewerReleaseGCM|Win32.ActiveCfg = PS3SNCReleaseGCM|Win32
		{DAE8D13A-C1CF-4214-B7BD-F5D152F2A68C}.PS3ViewerReleaseGCM|Win32.Build.0 = PS3SNCReleaseGCM|Win32
		{DAE8D13A-C1CF-4214-B7BD-F5D152F2A68C}.PS3ViewerReleasePSGL|Win32.ActiveCfg = PS3SNCReleaseGCM|Win32
		{DAE8D13A-C1CF-4214-B7BD-F5D152F2A68C}.PS3ViewerReleasePSGL|Win32.Build.0 = PS3SNCReleaseGCM|Win32
		{DAE8D13A-C1CF-4214-B7BD-F5D152F2A68C}.Release|Win32.ActiveCfg = Win32Release|Win32
		{DAE8D13A-C1CF-4214-B7BD-F5D152F2A68C}.Release|Win32.Build.0 = Win32Release|Win32
		{DAE8D13A-C1CF-4214-B7BD-F5D152F2A68C}.Win32Debug|Win32.ActiveCfg = Win32Debug|Win32
		{DAE8D13A-C1CF-4214-B7BD-F5D152F2A68C}.Win32Debug|Win32.Build.0 = Win32Debug|Win32
		{DAE8D13A-C1CF-4214-B7BD-F5D152F2A68C}.Win32DebugBullet|Win32.ActiveCfg = Win32DebugOpt|Win32
		{DAE8D13A-C1CF-4214-B7BD-F5D152F2A68C}.Win32DebugBullet|Win32.Build.0 = Win32DebugOpt|Win32
		{DAE8D13A-C1CF-4214-B7BD-F5D152F2A68C}.Win32DebugHavok|Win32.ActiveCfg = Win32DebugOpt|Win32
		{DAE8D13A-C1CF-4214-B7BD-F5D152F2A68C}.Win32DebugHavok|Win32.Build.0 = Win32DebugOpt|Win32
		{DAE8D13A-C1CF-4214-B7BD-F5D152F2A68C}.Win32DebugOpt|Win32.ActiveCfg = Win32DebugOpt|Win32
		{DAE8D13A-C1CF-4214-B7BD-F5D152F2A68C}.Win32DebugOpt|Win32.Build.0 = Win32DebugOpt|Win32
		{DAE8D13A-C1CF-4214-B7BD-F5D152F2A68C}.Win32DebugOptBullet|Win32.ActiveCfg = Win32DebugOpt|Win32
		{DAE8D13A-C1CF-4214-B7BD-F5D152F2A68C}.Win32DebugOptBullet|Win32.Build.0 = Win32DebugOpt|Win32
		{DAE8D13A-C1CF-4214-B7BD-F5D152F2A68C}.Win32DebugOptHavok|Win32.ActiveCfg = Win32DebugOpt|Win32
		{DAE8D13A-C1CF-4214-B7BD-F5D152F2A68C}.Win32DebugOptHavok|Win32.Build.0 = Win32DebugOpt|Win32
		{DAE8D13A-C1CF-4214-B7BD-F5D152F2A68C}.Win32DebugOptPhysX|Win32.ActiveCfg = Win32DebugOpt|Win32
		{DAE8D13A-C1CF-4214-B7BD-F5D152F2A68C}.Win32DebugOptPhysX|Win32.Build.0 = Win32DebugOpt|Win32
		{DAE8D13A-C1CF-4214-B7BD-F5D152F2A68C}.Win32DebugPhysX|Win32.ActiveCfg = Win32DebugOpt|Win32
		{DAE8D13A-C1CF-4214-B7BD-F5D152F2A68C}.Win32DebugPhysX|Win32.Build.0 = Win32DebugOpt|Win32
		{DAE8D13A-C1CF-4214-B7BD-F5D152F2A68C}.Win32Release|Win32.ActiveCfg = Win32Release|Win32
		{DAE8D13A-C1CF-4214-B7BD-F5D152F2A68C}.Win32Release|Win32.Build.0 = Win32Release|Win32
		{DAE8D13A-C1CF-4214-B7BD-F5D152F2A68C}.Win32ReleaseBullet|Win32.ActiveCfg = Win32Release|Win32
		{DAE8D13A-C1CF-4214-B7BD-F5D152F2A68C}.Win32ReleaseBullet|Win32.Build.0 = Win32Release|Win32
		{DAE8D13A-C1CF-4214-B7BD-F5D152F2A68C}.Win32ReleaseHavok|Win32.ActiveCfg = Win32Release|Win32
		{DAE8D13A-C1CF-4214-B7BD-F5D152F2A68C}.Win32ReleaseHavok|Win32.Build.0 = Win32Release|Win32
		{DAE8D13A-C1CF-4214-B7BD-F5D152F2A68C}.Win32ReleasePhysX|Win32.ActiveCfg = Win32Release|Win32
		{DAE8D13A-C1CF-4214-B7BD-F5D152F2A68C}.Win32ReleasePhysX|Win32.Build.0 = Win32Release|Win32
		{DAE8D13A-C1CF-4214-B7BD-F5D152F2A68C}.Win32ViewerDebugOpt|Win32.ActiveCfg = Win32DebugOpt|Win32
		{DAE8D13A-C1CF-4214-B7BD-F5D152F2A68C}.Win32ViewerDebugOpt|Win32.Build.0 = Win32DebugOpt|Win32
		{DAE8D13A-C1CF-4214-B7BD-F5D152F2A68C}.Win32ViewerRelease|Win32.ActiveCfg = Win32DebugOpt|Win32
		{DAE8D13A-C1CF-4214-B7BD-F5D152F2A68C}.Win32ViewerRelease|Win32.Build.0 = Win32DebugOpt|Win32
	EndGlobalSection
	GlobalSection(SolutionProperties) = preSolution
		HideSolutionNode = FALSE
	EndGlobalSection
	GlobalSection(NestedProjects) = preSolution
		{DAE8D13A-C1CF-4214-B7BD-F5D152F2A68C} = {FC61C6C0-AA8D-4C7D-B9AF-47D640ECBF8A}
	EndGlobalSection
EndGlobal
